// !$*UTF8*$!
{
	archiveVersion = 1;
	classes = {
	};
	objectVersion = 52;
	objects = {

/* Begin PBXBuildFile section */
		18470DDC2672FECD002607C2 /* Models.swift in Sources */ = {isa = PBXBuildFile; fileRef = 18470DDB2672FECD002607C2 /* Models.swift */; };
		18470DE12673A296002607C2 /* Extension.swift in Sources */ = {isa = PBXBuildFile; fileRef = 18470DE02673A296002607C2 /* Extension.swift */; };
		18601B3C2672A6F600AFC0C5 /* AppDelegate.swift in Sources */ = {isa = PBXBuildFile; fileRef = 18601B3B2672A6F600AFC0C5 /* AppDelegate.swift */; };
		18601B3E2672A6F600AFC0C5 /* SceneDelegate.swift in Sources */ = {isa = PBXBuildFile; fileRef = 18601B3D2672A6F600AFC0C5 /* SceneDelegate.swift */; };
		18601B402672A6F600AFC0C5 /* ViewController.swift in Sources */ = {isa = PBXBuildFile; fileRef = 18601B3F2672A6F600AFC0C5 /* ViewController.swift */; };
		18601B452672A6F700AFC0C5 /* Assets.xcassets in Resources */ = {isa = PBXBuildFile; fileRef = 18601B442672A6F700AFC0C5 /* Assets.xcassets */; };
		18601B482672A6F700AFC0C5 /* LaunchScreen.storyboard in Resources */ = {isa = PBXBuildFile; fileRef = 18601B462672A6F700AFC0C5 /* LaunchScreen.storyboard */; };
		18601B502672A74100AFC0C5 /* FilterViewController.swift in Sources */ = {isa = PBXBuildFile; fileRef = 18601B4F2672A74100AFC0C5 /* FilterViewController.swift */; };
		18601B522672A75C00AFC0C5 /* APICaller.swift in Sources */ = {isa = PBXBuildFile; fileRef = 18601B512672A75C00AFC0C5 /* APICaller.swift */; };
		F97BE60CF48015E0F241DB5C /* Pods_Covid_Tracker.framework in Frameworks */ = {isa = PBXBuildFile; fileRef = 99823458C84030DFA329D8E2 /* Pods_Covid_Tracker.framework */; };
/* End PBXBuildFile section */

/* Begin PBXFileReference section */
		18470DDB2672FECD002607C2 /* Models.swift */ = {isa = PBXFileReference; lastKnownFileType = sourcecode.swift; path = Models.swift; sourceTree = "<group>"; };
		18470DE02673A296002607C2 /* Extension.swift */ = {isa = PBXFileReference; lastKnownFileType = sourcecode.swift; path = Extension.swift; sourceTree = "<group>"; };
		18601B382672A6F600AFC0C5 /* Covid Tracker.app */ = {isa = PBXFileReference; explicitFileType = wrapper.application; includeInIndex = 0; path = "Covid Tracker.app"; sourceTree = BUILT_PRODUCTS_DIR; };
		18601B3B2672A6F600AFC0C5 /* AppDelegate.swift */ = {isa = PBXFileReference; lastKnownFileType = sourcecode.swift; path = AppDelegate.swift; sourceTree = "<group>"; };
		18601B3D2672A6F600AFC0C5 /* SceneDelegate.swift */ = {isa = PBXFileReference; lastKnownFileType = sourcecode.swift; path = SceneDelegate.swift; sourceTree = "<group>"; };
		18601B3F2672A6F600AFC0C5 /* ViewController.swift */ = {isa = PBXFileReference; lastKnownFileType = sourcecode.swift; path = ViewController.swift; sourceTree = "<group>"; };
		18601B442672A6F700AFC0C5 /* Assets.xcassets */ = {isa = PBXFileReference; lastKnownFileType = folder.assetcatalog; path = Assets.xcassets; sourceTree = "<group>"; };
		18601B472672A6F700AFC0C5 /* Base */ = {isa = PBXFileReference; lastKnownFileType = file.storyboard; name = Base; path = Base.lproj/LaunchScreen.storyboard; sourceTree = "<group>"; };
		18601B492672A6F700AFC0C5 /* Info.plist */ = {isa = PBXFileReference; lastKnownFileType = text.plist.xml; path = Info.plist; sourceTree = "<group>"; };
		18601B4F2672A74100AFC0C5 /* FilterViewController.swift */ = {isa = PBXFileReference; lastKnownFileType = sourcecode.swift; path = FilterViewController.swift; sourceTree = "<group>"; };
		18601B512672A75C00AFC0C5 /* APICaller.swift */ = {isa = PBXFileReference; lastKnownFileType = sourcecode.swift; path = APICaller.swift; sourceTree = "<group>"; };
		99823458C84030DFA329D8E2 /* Pods_Covid_Tracker.framework */ = {isa = PBXFileReference; explicitFileType = wrapper.framework; includeInIndex = 0; path = Pods_Covid_Tracker.framework; sourceTree = BUILT_PRODUCTS_DIR; };
		D0B3F5413108A8CFF14A41A8 /* Pods-Covid Tracker.debug.xcconfig */ = {isa = PBXFileReference; includeInIndex = 1; lastKnownFileType = text.xcconfig; name = "Pods-Covid Tracker.debug.xcconfig"; path = "Target Support Files/Pods-Covid Tracker/Pods-Covid Tracker.debug.xcconfig"; sourceTree = "<group>"; };
		F8FBEFC8A120B66537E316FC /* Pods-Covid Tracker.release.xcconfig */ = {isa = PBXFileReference; includeInIndex = 1; lastKnownFileType = text.xcconfig; name = "Pods-Covid Tracker.release.xcconfig"; path = "Target Support Files/Pods-Covid Tracker/Pods-Covid Tracker.release.xcconfig"; sourceTree = "<group>"; };
/* End PBXFileReference section */

/* Begin PBXFrameworksBuildPhase section */
		18601B352672A6F600AFC0C5 /* Frameworks */ = {
			isa = PBXFrameworksBuildPhase;
			buildActionMask = 2147483647;
			files = (
				F97BE60CF48015E0F241DB5C /* Pods_Covid_Tracker.framework in Frameworks */,
			);
			runOnlyForDeploymentPostprocessing = 0;
		};
/* End PBXFrameworksBuildPhase section */

/* Begin PBXGroup section */
		18470DDD2672FF03002607C2 /* Model */ = {
			isa = PBXGroup;
			children = (
				18601B512672A75C00AFC0C5 /* APICaller.swift */,
				18470DDB2672FECD002607C2 /* Models.swift */,
			);
			path = Model;
			sourceTree = "<group>";
		};
		18470DDF2672FF1E002607C2 /* Controllers */ = {
			isa = PBXGroup;
			children = (
				18601B3F2672A6F600AFC0C5 /* ViewController.swift */,
				18601B4F2672A74100AFC0C5 /* FilterViewController.swift */,
			);
			path = Controllers;
			sourceTree = "<group>";
		};
		18470DE22673A29D002607C2 /* Extensions */ = {
			isa = PBXGroup;
			children = (
				18470DE02673A296002607C2 /* Extension.swift */,
			);
			path = Extensions;
			sourceTree = "<group>";
		};
		18601B2F2672A6F600AFC0C5 = {
			isa = PBXGroup;
			children = (
				18601B3A2672A6F600AFC0C5 /* Covid Tracker */,
				18601B392672A6F600AFC0C5 /* Products */,
				36DF2DC1BB385E3D3D785423 /* Pods */,
				380324C50D5FEC05DA96FA2D /* Frameworks */,
			);
			sourceTree = "<group>";
		};
		18601B392672A6F600AFC0C5 /* Products */ = {
			isa = PBXGroup;
			children = (
				18601B382672A6F600AFC0C5 /* Covid Tracker.app */,
			);
			name = Products;
			sourceTree = "<group>";
		};
		18601B3A2672A6F600AFC0C5 /* Covid Tracker */ = {
			isa = PBXGroup;
			children = (
				18601B3B2672A6F600AFC0C5 /* AppDelegate.swift */,
				18601B3D2672A6F600AFC0C5 /* SceneDelegate.swift */,
				18470DDF2672FF1E002607C2 /* Controllers */,
				18470DDD2672FF03002607C2 /* Model */,
				18601B442672A6F700AFC0C5 /* Assets.xcassets */,
				18601B462672A6F700AFC0C5 /* LaunchScreen.storyboard */,
				18601B492672A6F700AFC0C5 /* Info.plist */,
				18470DE22673A29D002607C2 /* Extensions */,
			);
			path = "Covid Tracker";
			sourceTree = "<group>";
		};
		36DF2DC1BB385E3D3D785423 /* Pods */ = {
			isa = PBXGroup;
			children = (
				D0B3F5413108A8CFF14A41A8 /* Pods-Covid Tracker.debug.xcconfig */,
				F8FBEFC8A120B66537E316FC /* Pods-Covid Tracker.release.xcconfig */,
			);
			name = Pods;
			path = Pods;
			sourceTree = "<group>";
		};
		380324C50D5FEC05DA96FA2D /* Frameworks */ = {
			isa = PBXGroup;
			children = (
				99823458C84030DFA329D8E2 /* Pods_Covid_Tracker.framework */,
			);
			name = Frameworks;
			sourceTree = "<group>";
		};
/* End PBXGroup section */

/* Begin PBXNativeTarget section */
		18601B372672A6F600AFC0C5 /* Covid Tracker */ = {
			isa = PBXNativeTarget;
			buildConfigurationList = 18601B4C2672A6F700AFC0C5 /* Build configuration list for PBXNativeTarget "Covid Tracker" */;
			buildPhases = (
				B6D84A794F20A53CDB11E86D /* [CP] Check Pods Manifest.lock */,
				18601B342672A6F600AFC0C5 /* Sources */,
				18601B352672A6F600AFC0C5 /* Frameworks */,
				18601B362672A6F600AFC0C5 /* Resources */,
				F7AB3E2E221F1D34E72D0509 /* [CP] Embed Pods Frameworks */,
			);
			buildRules = (
			);
			dependencies = (
			);
			name = "Covid Tracker";
			productName = "Covid Tracker";
			productReference = 18601B382672A6F600AFC0C5 /* Covid Tracker.app */;
			productType = "com.apple.product-type.application";
		};
/* End PBXNativeTarget section */

/* Begin PBXProject section */
		18601B302672A6F600AFC0C5 /* Project object */ = {
			isa = PBXProject;
			attributes = {
				LastSwiftUpdateCheck = 1250;
				LastUpgradeCheck = 1250;
				TargetAttributes = {
					18601B372672A6F600AFC0C5 = {
						CreatedOnToolsVersion = 12.5;
					};
				};
			};
			buildConfigurationList = 18601B332672A6F600AFC0C5 /* Build configuration list for PBXProject "Covid Tracker" */;
			compatibilityVersion = "Xcode 9.3";
			developmentRegion = en;
			hasScannedForEncodings = 0;
			knownRegions = (
				en,
				Base,
			);
			mainGroup = 18601B2F2672A6F600AFC0C5;
			packageReferences = (
				18470DE32674411B002607C2 /* RemoteSwiftPackageReference */,
			);
			productRefGroup = 18601B392672A6F600AFC0C5 /* Products */;
			projectDirPath = "";
			projectRoot = "";
			targets = (
				18601B372672A6F600AFC0C5 /* Covid Tracker */,
			);
		};
/* End PBXProject section */

/* Begin PBXResourcesBuildPhase section */
		18601B362672A6F600AFC0C5 /* Resources */ = {
			isa = PBXResourcesBuildPhase;
			buildActionMask = 2147483647;
			files = (
				18601B482672A6F700AFC0C5 /* LaunchScreen.storyboard in Resources */,
				18601B452672A6F700AFC0C5 /* Assets.xcassets in Resources */,
			);
			runOnlyForDeploymentPostprocessing = 0;
		};
/* End PBXResourcesBuildPhase section */

/* Begin PBXShellScriptBuildPhase section */
		B6D84A794F20A53CDB11E86D /* [CP] Check Pods Manifest.lock */ = {
			isa = PBXShellScriptBuildPhase;
			buildActionMask = 2147483647;
			files = (
			);
			inputFileListPaths = (
			);
			inputPaths = (
				"${PODS_PODFILE_DIR_PATH}/Podfile.lock",
				"${PODS_ROOT}/Manifest.lock",
			);
			name = "[CP] Check Pods Manifest.lock";
			outputFileListPaths = (
			);
			outputPaths = (
				"$(DERIVED_FILE_DIR)/Pods-Covid Tracker-checkManifestLockResult.txt",
			);
			runOnlyForDeploymentPostprocessing = 0;
			shellPath = /bin/sh;
			shellScript = "diff \"${PODS_PODFILE_DIR_PATH}/Podfile.lock\" \"${PODS_ROOT}/Manifest.lock\" > /dev/null\nif [ $? != 0 ] ; then\n    # print error to STDERR\n    echo \"error: The sandbox is not in sync with the Podfile.lock. Run 'pod install' or update your CocoaPods installation.\" >&2\n    exit 1\nfi\n# This output is used by Xcode 'outputs' to avoid re-running this script phase.\necho \"SUCCESS\" > \"${SCRIPT_OUTPUT_FILE_0}\"\n";
			showEnvVarsInLog = 0;
		};
		F7AB3E2E221F1D34E72D0509 /* [CP] Embed Pods Frameworks */ = {
			isa = PBXShellScriptBuildPhase;
			buildActionMask = 2147483647;
			files = (
			);
			inputFileListPaths = (
				"${PODS_ROOT}/Target Support Files/Pods-Covid Tracker/Pods-Covid Tracker-frameworks-${CONFIGURATION}-input-files.xcfilelist",
			);
			name = "[CP] Embed Pods Frameworks";
			outputFileListPaths = (
				"${PODS_ROOT}/Target Support Files/Pods-Covid Tracker/Pods-Covid Tracker-frameworks-${CONFIGURATION}-output-files.xcfilelist",
			);
			runOnlyForDeploymentPostprocessing = 0;
			shellPath = /bin/sh;
			shellScript = "\"${PODS_ROOT}/Target Support Files/Pods-Covid Tracker/Pods-Covid Tracker-frameworks.sh\"\n";
			showEnvVarsInLog = 0;
		};
/* End PBXShellScriptBuildPhase section */

/* Begin PBXSourcesBuildPhase section */
		18601B342672A6F600AFC0C5 /* Sources */ = {
			isa = PBXSourcesBuildPhase;
			buildActionMask = 2147483647;
			files = (
				18601B402672A6F600AFC0C5 /* ViewController.swift in Sources */,
				18601B3C2672A6F600AFC0C5 /* AppDelegate.swift in Sources */,
				18470DE12673A296002607C2 /* Extension.swift in Sources */,
				18601B502672A74100AFC0C5 /* FilterViewController.swift in Sources */,
				18470DDC2672FECD002607C2 /* Models.swift in Sources */,
				18601B3E2672A6F600AFC0C5 /* SceneDelegate.swift in Sources */,
				18601B522672A75C00AFC0C5 /* APICaller.swift in Sources */,
			);
			runOnlyForDeploymentPostprocessing = 0;
		};
/* End PBXSourcesBuildPhase section */

/* Begin PBXVariantGroup section */
		18601B462672A6F700AFC0C5 /* LaunchScreen.storyboard */ = {
			isa = PBXVariantGroup;
			children = (
				18601B472672A6F700AFC0C5 /* Base */,
			);
			name = LaunchScreen.storyboard;
			sourceTree = "<group>";
		};
/* End PBXVariantGroup section */

/* Begin XCBuildConfiguration section */
		18601B4A2672A6F700AFC0C5 /* Debug */ = {
			isa = XCBuildConfiguration;
			buildSettings = {
				ALWAYS_SEARCH_USER_PATHS = NO;
				CLANG_ANALYZER_NONNULL = YES;
				CLANG_ANALYZER_NUMBER_OBJECT_CONVERSION = YES_AGGRESSIVE;
				CLANG_CXX_LANGUAGE_STANDARD = "gnu++14";
				CLANG_CXX_LIBRARY = "libc++";
				CLANG_ENABLE_MODULES = YES;
				CLANG_ENABLE_OBJC_ARC = YES;
				CLANG_ENABLE_OBJC_WEAK = YES;
				CLANG_WARN_BLOCK_CAPTURE_AUTORELEASING = YES;
				CLANG_WARN_BOOL_CONVERSION = YES;
				CLANG_WARN_COMMA = YES;
				CLANG_WARN_CONSTANT_CONVERSION = YES;
				CLANG_WARN_DEPRECATED_OBJC_IMPLEMENTATIONS = YES;
				CLANG_WARN_DIRECT_OBJC_ISA_USAGE = YES_ERROR;
				CLANG_WARN_DOCUMENTATION_COMMENTS = YES;
				CLANG_WARN_EMPTY_BODY = YES;
				CLANG_WARN_ENUM_CONVERSION = YES;
				CLANG_WARN_INFINITE_RECURSION = YES;
				CLANG_WARN_INT_CONVERSION = YES;
				CLANG_WARN_NON_LITERAL_NULL_CONVERSION = YES;
				CLANG_WARN_OBJC_IMPLICIT_RETAIN_SELF = YES;
				CLANG_WARN_OBJC_LITERAL_CONVERSION = YES;
				CLANG_WARN_OBJC_ROOT_CLASS = YES_ERROR;
				CLANG_WARN_QUOTED_INCLUDE_IN_FRAMEWORK_HEADER = YES;
				CLANG_WARN_RANGE_LOOP_ANALYSIS = YES;
				CLANG_WARN_STRICT_PROTOTYPES = YES;
				CLANG_WARN_SUSPICIOUS_MOVE = YES;
				CLANG_WARN_UNGUARDED_AVAILABILITY = YES_AGGRESSIVE;
				CLANG_WARN_UNREACHABLE_CODE = YES;
				CLANG_WARN__DUPLICATE_METHOD_MATCH = YES;
				COPY_PHASE_STRIP = NO;
				DEBUG_INFORMATION_FORMAT = dwarf;
				ENABLE_STRICT_OBJC_MSGSEND = YES;
				ENABLE_TESTABILITY = YES;
				GCC_C_LANGUAGE_STANDARD = gnu11;
				GCC_DYNAMIC_NO_PIC = NO;
				GCC_NO_COMMON_BLOCKS = YES;
				GCC_OPTIMIZATION_LEVEL = 0;
				GCC_PREPROCESSOR_DEFINITIONS = (
					"DEBUG=1",
					"$(inherited)",
				);
				GCC_WARN_64_TO_32_BIT_CONVERSION = YES;
				GCC_WARN_ABOUT_RETURN_TYPE = YES_ERROR;
				GCC_WARN_UNDECLARED_SELECTOR = YES;
				GCC_WARN_UNINITIALIZED_AUTOS = YES_AGGRESSIVE;
				GCC_WARN_UNUSED_FUNCTION = YES;
				GCC_WARN_UNUSED_VARIABLE = YES;
				IPHONEOS_DEPLOYMENT_TARGET = 14.5;
				MTL_ENABLE_DEBUG_INFO = INCLUDE_SOURCE;
				MTL_FAST_MATH = YES;
				ONLY_ACTIVE_ARCH = YES;
				SDKROOT = iphoneos;
				SWIFT_ACTIVE_COMPILATION_CONDITIONS = DEBUG;
				SWIFT_OPTIMIZATION_LEVEL = "-Onone";
			};
			name = Debug;
		};
		18601B4B2672A6F700AFC0C5 /* Release */ = {
			isa = XCBuildConfiguration;
			buildSettings = {
				ALWAYS_SEARCH_USER_PATHS = NO;
				CLANG_ANALYZER_NONNULL = YES;
				CLANG_ANALYZER_NUMBER_OBJECT_CONVERSION = YES_AGGRESSIVE;
				CLANG_CXX_LANGUAGE_STANDARD = "gnu++14";
				CLANG_CXX_LIBRARY = "libc++";
				CLANG_ENABLE_MODULES = YES;
				CLANG_ENABLE_OBJC_ARC = YES;
				CLANG_ENABLE_OBJC_WEAK = YES;
				CLANG_WARN_BLOCK_CAPTURE_AUTORELEASING = YES;
				CLANG_WARN_BOOL_CONVERSION = YES;
				CLANG_WARN_COMMA = YES;
				CLANG_WARN_CONSTANT_CONVERSION = YES;
				CLANG_WARN_DEPRECATED_OBJC_IMPLEMENTATIONS = YES;
				CLANG_WARN_DIRECT_OBJC_ISA_USAGE = YES_ERROR;
				CLANG_WARN_DOCUMENTATION_COMMENTS = YES;
				CLANG_WARN_EMPTY_BODY = YES;
				CLANG_WARN_ENUM_CONVERSION = YES;
				CLANG_WARN_INFINITE_RECURSION = YES;
				CLANG_WARN_INT_CONVERSION = YES;
				CLANG_WARN_NON_LITERAL_NULL_CONVERSION = YES;
				CLANG_WARN_OBJC_IMPLICIT_RETAIN_SELF = YES;
				CLANG_WARN_OBJC_LITERAL_CONVERSION = YES;
				CLANG_WARN_OBJC_ROOT_CLASS = YES_ERROR;
				CLANG_WARN_QUOTED_INCLUDE_IN_FRAMEWORK_HEADER = YES;
				CLANG_WARN_RANGE_LOOP_ANALYSIS = YES;
				CLANG_WARN_STRICT_PROTOTYPES = YES;
				CLANG_WARN_SUSPICIOUS_MOVE = YES;
				CLANG_WARN_UNGUARDED_AVAILABILITY = YES_AGGRESSIVE;
				CLANG_WARN_UNREACHABLE_CODE = YES;
				CLANG_WARN__DUPLICATE_METHOD_MATCH = YES;
				COPY_PHASE_STRIP = NO;
				DEBUG_INFORMATION_FORMAT = "dwarf-with-dsym";
				ENABLE_NS_ASSERTIONS = NO;
				ENABLE_STRICT_OBJC_MSGSEND = YES;
				GCC_C_LANGUAGE_STANDARD = gnu11;
				GCC_NO_COMMON_BLOCKS = YES;
				GCC_WARN_64_TO_32_BIT_CONVERSION = YES;
				GCC_WARN_ABOUT_RETURN_TYPE = YES_ERROR;
				GCC_WARN_UNDECLARED_SELECTOR = YES;
				GCC_WARN_UNINITIALIZED_AUTOS = YES_AGGRESSIVE;
				GCC_WARN_UNUSED_FUNCTION = YES;
				GCC_WARN_UNUSED_VARIABLE = YES;
				IPHONEOS_DEPLOYMENT_TARGET = 14.5;
				MTL_ENABLE_DEBUG_INFO = NO;
				MTL_FAST_MATH = YES;
				SDKROOT = iphoneos;
				SWIFT_COMPILATION_MODE = wholemodule;
				SWIFT_OPTIMIZATION_LEVEL = "-O";
				VALIDATE_PRODUCT = YES;
			};
			name = Release;
		};
		18601B4D2672A6F700AFC0C5 /* Debug */ = {
			isa = XCBuildConfiguration;
			baseConfigurationReference = D0B3F5413108A8CFF14A41A8 /* Pods-Covid Tracker.debug.xcconfig */;
			buildSettings = {
				ASSETCATALOG_COMPILER_APPICON_NAME = AppIcon;
				ASSETCATALOG_COMPILER_GLOBAL_ACCENT_COLOR_NAME = AccentColor;
				CODE_SIGN_STYLE = Automatic;
				DEVELOPMENT_TEAM = 4X8K6Z86C3;
				INFOPLIST_FILE = "Covid Tracker/Info.plist";
				LD_RUNPATH_SEARCH_PATHS = (
					"$(inherited)",
					"@executable_path/Frameworks",
				);
				PRODUCT_BUNDLE_IDENTIFIER = "alley.Covid-Tracker";
				PRODUCT_NAME = "$(TARGET_NAME)";
				SWIFT_VERSION = 5.0;
				TARGETED_DEVICE_FAMILY = "1,2";
			};
			name = Debug;
		};
		18601B4E2672A6F700AFC0C5 /* Release */ = {
			isa = XCBuildConfiguration;
			baseConfigurationReference = F8FBEFC8A120B66537E316FC /* Pods-Covid Tracker.release.xcconfig */;
			buildSettings = {
				ASSETCATALOG_COMPILER_APPICON_NAME = AppIcon;
				ASSETCATALOG_COMPILER_GLOBAL_ACCENT_COLOR_NAME = AccentColor;
				CODE_SIGN_STYLE = Automatic;
				DEVELOPMENT_TEAM = 4X8K6Z86C3;
				INFOPLIST_FILE = "Covid Tracker/Info.plist";
				LD_RUNPATH_SEARCH_PATHS = (
					"$(inherited)",
					"@executable_path/Frameworks",
				);
				PRODUCT_BUNDLE_IDENTIFIER = "alley.Covid-Tracker";
				PRODUCT_NAME = "$(TARGET_NAME)";
				SWIFT_VERSION = 5.0;
				TARGETED_DEVICE_FAMILY = "1,2";
			};
			name = Release;
		};
/* End XCBuildConfiguration section */

/* Begin XCConfigurationList section */
		18601B332672A6F600AFC0C5 /* Build configuration list for PBXProject "Covid Tracker" */ = {
			isa = XCConfigurationList;
			buildConfigurations = (
				18601B4A2672A6F700AFC0C5 /* Debug */,
				18601B4B2672A6F700AFC0C5 /* Release */,
			);
			defaultConfigurationIsVisible = 0;
			defaultConfigurationName = Release;
		};
		18601B4C2672A6F700AFC0C5 /* Build configuration list for PBXNativeTarget "Covid Tracker" */ = {
			isa = XCConfigurationList;
			buildConfigurations = (
				18601B4D2672A6F700AFC0C5 /* Debug */,
				18601B4E2672A6F700AFC0C5 /* Release */,
			);
			defaultConfigurationIsVisible = 0;
			defaultConfigurationName = Release;
		};
/* End XCConfigurationList section */

/* Begin XCRemoteSwiftPackageReference section */
		18470DE32674411B002607C2 /* RemoteSwiftPackageReference */ = {
			isa = XCRemoteSwiftPackageReference;
			repositoryURL = "https://github.com/danielgindi/Charts";
			requirement = {
				kind = upToNextMajorVersion;
				minimumVersion = 4.0.1;
			};
		};
/* End XCRemoteSwiftPackageReference section */
	};
	rootObject = 18601B302672A6F600AFC0C5 /* Project object */;
}
